
Microsoft Visual Studio Solution File, Format Version 12.00
# Visual Studio Version 17
VisualStudioVersion = 17.5.33627.172
MinimumVisualStudioVersion = 10.0.40219.1
Project("{FAE04EC0-301F-11D3-BF4B-00C04F79EFBC}") = "ApiMN", "ApiMN\ApiMN.csproj", "{78E64077-6A60-48CD-83DC-58AFE0E384AA}"
EndProject
Global
	GlobalSection(SolutionConfigurationPlatforms) = preSolution
		Debug|Any CPU = Debug|Any CPU
		Release|Any CPU = Release|Any CPU
	EndGlobalSection
	GlobalSection(ProjectConfigurationPlatforms) = postSolution
		{78E64077-6A60-48CD-83DC-58AFE0E384AA}.Debug|Any CPU.ActiveCfg = Debug|Any CPU
		{78E64077-6A60-48CD-83DC-58AFE0E384AA}.Debug|Any CPU.Build.0 = Debug|Any CPU
		{78E64077-6A60-48CD-83DC-58AFE0E384AA}.Release|Any CPU.ActiveCfg = Release|Any CPU
		{78E64077-6A60-48CD-83DC-58AFE0E384AA}.Release|Any CPU.Build.0 = Release|Any CPU
	EndGlobalSection
	GlobalSection(SolutionProperties) = preSolution
		HideSolutionNode = FALSE
	EndGlobalSection
	GlobalSection(ExtensibilityGlobals) = postSolution
		SolutionGuid = {4B638E52-7AFF-4B28-B78D-B8DF5791BF2A}
	EndGlobalSection
EndGlobal
